lockfileVersion: '9.0'

settings:
  autoInstallPeers: true
  excludeLinksFromLockfile: false

importers:

  .:
    dependencies:
      '@clack/prompts':
        specifier: ^1.2.0
        version: 1.2.0
      chalk:
        specifier: ^5.6.2
        version: 5.6.2
      package-manager-detector:
        specifier: ^1.6.0
        version: 1.6.0
    devDependencies:
      '@types/node':
        specifier: ^25.6.0
        version: 25.6.0
      oxfmt:
        specifier: ^0.46.0
        version: 0.46.0
      oxlint:
        specifier: ^1.61.0
        version: 1.61.0
      tsdown:
        specifier: ^0.21.9
        version: 0.21.9(typescript@6.0.3)
      typescript:
        specifier: ^6.0.3
        version: 6.0.3

packages:

  '@babel/generator@8.0.0-rc.3':
    resolution: {integrity: sha512-em37/13/nR320G4jab/nIIHZgc2Wz2y/D39lxnTyxB4/D/omPQncl/lSdlnJY1OhQcRGugTSIF2l/69o31C9dA==}
    engines: {node: ^20.19.0 || >=22.12.0}

  '@babel/helper-string-parser@8.0.0-rc.3':
    resolution: {integrity: sha512-AmwWFx1m8G/a5cXkxLxTiWl+YEoWuoFLUCwqMlNuWO1tqAYITQAbCRPUkyBHv1VOFgfjVOqEj6L3u15J5ZCzTA==}
    engines: {node: ^20.19.0 || >=22.12.0}

  '@babel/helper-validator-identifier@8.0.0-rc.3':
    resolution: {integrity: sha512-8AWCJ2VJJyDFlGBep5GpaaQ9AAaE/FjAcrqI7jyssYhtL7WGV0DOKpJsQqM037xDbpRLHXsY8TwU7zDma7coOw==}
    engines: {node: ^20.19.0 || >=22.12.0}

  '@babel/parser@8.0.0-rc.3':
    resolution: {integrity: sha512-B20dvP3MfNc/XS5KKCHy/oyWl5IA6Cn9YjXRdDlCjNmUFrjvLXMNUfQq/QUy9fnG2gYkKKcrto2YaF9B32ToOQ==}
    engines: {node: ^20.19.0 || >=22.12.0}
    hasBin: true

  '@babel/types@8.0.0-rc.3':
    resolution: {integrity: sha512-mOm5ZrYmphGfqVWoH5YYMTITb3cDXsFgmvFlvkvWDMsR9X8RFnt7a0Wb6yNIdoFsiMO9WjYLq+U/FMtqIYAF8Q==}
    engines: {node: ^20.19.0 || >=22.12.0}

  '@clack/core@1.2.0':
    resolution: {integrity: sha512-qfxof/3T3t9DPU/Rj3OmcFyZInceqj/NVtO9rwIuJqCUgh32gwPjpFQQp/ben07qKlhpwq7GzfWpST4qdJ5Drg==}

  '@clack/prompts@1.2.0':
    resolution: {integrity: sha512-4jmztR9fMqPMjz6H/UZXj0zEmE43ha1euENwkckKKel4XpSfokExPo5AiVStdHSAlHekz4d0CA/r45Ok1E4D3w==}

  '@emnapi/core@1.9.2':
    resolution: {integrity: sha512-UC+ZhH3XtczQYfOlu3lNEkdW/p4dsJ1r/bP7H8+rhao3TTTMO1ATq/4DdIi23XuGoFY+Cz0JmCbdVl0hz9jZcA==}

  '@emnapi/runtime@1.9.2':
    resolution: {integrity: sha512-3U4+MIWHImeyu1wnmVygh5WlgfYDtyf0k8AbLhMFxOipihf6nrWC4syIm/SwEeec0mNSafiiNnMJwbza/Is6Lw==}

  '@emnapi/wasi-threads@1.2.1':
    resolution: {integrity: sha512-uTII7OYF+/Mes/MrcIOYp5yOtSMLBWSIoLPpcgwipoiKbli6k322tcoFsxoIIxPDqW01SQGAgko4EzZi2BNv2w==}

  '@jridgewell/gen-mapping@0.3.13':
    resolution: {integrity: sha512-2kkt/7niJ6MgEPxF0bYdQ6etZaA+fQvDcLKckhy1yIQOzaoKjBBjSj63/aLVjYE3qhRt5dvM+uUyfCg6UKCBbA==}

  '@jridgewell/resolve-uri@3.1.2':
    resolution: {integrity: sha512-bRISgCIjP20/tbWSPWMEi54QVPRZExkuD9lJL+UIxUKtwVJA8wW1Trb1jMs1RFXo1CBTNZ/5hpC9QvmKWdopKw==}
    engines: {node: '>=6.0.0'}

  '@jridgewell/sourcemap-codec@1.5.5':
    resolution: {integrity: sha512-cYQ9310grqxueWbl+WuIUIaiUaDcj7WOq5fVhEljNVgRfOUhY9fy2zTvfoqWsnebh8Sl70VScFbICvJnLKB0Og==}

  '@jridgewell/trace-mapping@0.3.31':
    resolution: {integrity: sha512-zzNR+SdQSDJzc8joaeP8QQoCQr8NuYx2dIIytl1QeBEZHJ9uW6hebsrYgbz8hJwUQao3TWCMtmfV8Nu1twOLAw==}

  '@napi-rs/wasm-runtime@1.1.4':
    resolution: {integrity: sha512-3NQNNgA1YSlJb/kMH1ildASP9HW7/7kYnRI2szWJaofaS1hWmbGI4H+d3+22aGzXXN9IJ+n+GiFVcGipJP18ow==}
    peerDependencies:
      '@emnapi/core': ^1.7.1
      '@emnapi/runtime': ^1.7.1

  '@oxc-project/types@0.126.0':
    resolution: {integrity: sha512-oGfVtjAgwQVVpfBrbtk4e1XDyWHRFta6BS3GWVzrF8xYBT2VGQAk39yJS/wFSMrZqoiCU4oghT3Ch0HaHGIHcQ==}

  '@oxfmt/binding-android-arm-eabi@0.46.0':
    resolution: {integrity: sha512-b1doV4WRcJU+BESSlCvCjV+5CEr/T6h0frArAdV26Nir+gGNFNaylvDiiMPfF1pxeV0txZEs38ojzJaxBYg+ng==}
    engines: {node: ^20.19.0 || >=22.12.0}
    cpu: [arm]
    os: [android]

  '@oxfmt/binding-android-arm64@0.46.0':
    resolution: {integrity: sha512-v6+HhjsoV3GO0u2u9jLSAZrvWfTraDxKofUIQ7/ktS7tzS+epVsxdHmeM+XxuNcAY/nWxxU1Sg4JcGTNRXraBA==}
    engines: {node: ^20.19.0 || >=22.12.0}
    cpu: [arm64]
    os: [android]

  '@oxfmt/binding-darwin-arm64@0.46.0':
    resolution: {integrity: sha512-3eeooJGrqGIlI5MyryDZsAcKXSmKIgAD4yYtfRrRJzXZ0UTFZtiSveIur56YPrGMYZwT4XyVhHsMqrNwr1XeFA==}
    engines: {node: ^20.19.0 || >=22.12.0}
    cpu: [arm64]
    os: [darwin]

  '@oxfmt/binding-darwin-x64@0.46.0':
    resolution: {integrity: sha512-QG8BDM0CXWbu84k2SKmCqfEddPQPFiBicwtYnLqHRWZZl57HbtOLRMac/KTq2NO4AEc4ICCBpFxJIV9zcqYfkQ==}
    engines: {node: ^20.19.0 || >=22.12.0}
    cpu: [x64]
    os: [darwin]

  '@oxfmt/binding-freebsd-x64@0.46.0':
    resolution: {integrity: sha512-9DdCqS/n2ncu/Chazvt3cpgAjAmIGQDz7hFKSrNItMApyV/Ja9mz3hD4JakIE3nS8PW9smEbPWnb389QLBY4nw==}
    engines: {node: ^20.19.0 || >=22.12.0}
    cpu: [x64]
    os: [freebsd]

  '@oxfmt/binding-linux-arm-gnueabihf@0.46.0':
    resolution: {integrity: sha512-Dgs7VeE2jT0LHMhw6tPEt0xQYe54kBqHEovmWsv4FVQlegCOvlIJNx0S8n4vj8WUtpT+Z6BD2HhKJPLglLxvZg==}
    engines: {node: ^20.19.0 || >=22.12.0}
    cpu: [arm]
    os: [linux]

  '@oxfmt/binding-linux-arm-musleabihf@0.46.0':
    resolution: {integrity: sha512-Zxn3adhTH13JKnU4xXJj8FeEfF680XjXh3gSShKl57HCMBRde2tUJTgogV/1MSHA80PJEVrDa7r66TLVq3Ia7Q==}
    engines: {node: ^20.19.0 || >=22.12.0}
    cpu: [arm]
    os: [linux]

  '@oxfmt/binding-linux-arm64-gnu@0.46.0':
    resolution: {integrity: sha512-+TWipjrgVM8D7aIdDD0tlr3teLTTvQTn7QTE5BpT10H1Fj82gfdn9X6nn2sDgx/MepuSCfSnzFNJq2paLL0OiA==}
    engines: {node: ^20.19.0 || >=22.12.0}
    cpu: [arm64]
    os: [linux]

  '@oxfmt/binding-linux-arm64-musl@0.46.0':
    resolution: {integrity: sha512-aAUPBWJ1lGwwnxZUEDLJ94+Iy6MuwJwPxUgO4sCA5mEEyDk7b+cDQ+JpX1VR150Zoyd+D49gsrUzpUK5h587Eg==}
    engines: {node: ^20.19.0 || >=22.12.0}
    cpu: [arm64]
    os: [linux]

  '@oxfmt/binding-linux-ppc64-gnu@0.46.0':
    resolution: {integrity: sha512-ufBCJukyFX/UDrokP/r6BGDoTInnsDs7bxyzKAgMiZlt2Qu8GPJSJ6Zm6whIiJzKk0naxA8ilwmbO1LMw6Htxw==}
    engines: {node: ^20.19.0 || >=22.12.0}
    cpu: [ppc64]
    os: [linux]

  '@oxfmt/binding-linux-riscv64-gnu@0.46.0':
    resolution: {integrity: sha512-eqtlC2YmPqjun76R1gVfGLuKWx7NuEnLEAudZ7n6ipSKbCZTqIKSs1b5Y8K/JHZsRpLkeSmAAjig5HOIg8fQzQ==}
    engines: {node: ^20.19.0 || >=22.12.0}
    cpu: [riscv64]
    os: [linux]

  '@oxfmt/binding-linux-riscv64-musl@0.46.0':
    resolution: {integrity: sha512-yccVOO2nMXkQLGgy0He3EQEwKD7NF0zEk+/OWmroznkqXyJdN6bfK0LtNnr6/14Bh3FjpYq7bP33l/VloCnxpA==}
    engines: {node: ^20.19.0 || >=22.12.0}
    cpu: [riscv64]
    os: [linux]

  '@oxfmt/binding-linux-s390x-gnu@0.46.0':
    resolution: {integrity: sha512-aAf7fG23OQCey6VRPj9IeCraoYtpgtx0ZyJ1CXkPyT1wjzBE7c3xtuxHe/AdHaJfVVb/SXpSk8Gl1LzyQupSqw==}
    engines: {node: ^20.19.0 || >=22.12.0}
    cpu: [s390x]
    os: [linux]

  '@oxfmt/binding-linux-x64-gnu@0.46.0':
    resolution: {integrity: sha512-q0JPsTMyJNjYrBvYFDz4WbVsafNZaPCZv4RnFypRotLqpKROtBZcEaXQW4eb9YmvLU3NckVemLJnzkSZSdmOxw==}
    engines: {node: ^20.19.0 || >=22.12.0}
    cpu: [x64]
    os: [linux]

  '@oxfmt/binding-linux-x64-musl@0.46.0':
    resolution: {integrity: sha512-7LsLY9Cw57GPkhSR+duI3mt9baRczK/DtHYSldQ4BEU92da9igBQNl4z7Vq5U9NNPsh1FmpKvv1q9WDtiUQR1A==}
    engines: {node: ^20.19.0 || >=22.12.0}
    cpu: [x64]
    os: [linux]

  '@oxfmt/binding-openharmony-arm64@0.46.0':
    resolution: {integrity: sha512-lHiBOz8Duaku7JtRNLlps3j++eOaICPZSd8FCVmTDM4DFOPT71Bjn7g6iar1z7StXlKRweUKxWUs4sA+zWGDXg==}
    engines: {node: ^20.19.0 || >=22.12.0}
    cpu: [arm64]
    os: [openharmony]

  '@oxfmt/binding-win32-arm64-msvc@0.46.0':
    resolution: {integrity: sha512-/5ktYUliP89RhgC37DBH1x20U5zPSZMy3cMEcO0j3793rbHP9MWsknBwQB6eozRzWmYrh0IFM/p20EbPvDlYlg==}
    engines: {node: ^20.19.0 || >=22.12.0}
    cpu: [arm64]
    os: [win32]

  '@oxfmt/binding-win32-ia32-msvc@0.46.0':
    resolution: {integrity: sha512-3WTnoiuIr8XvV0DIY7SN+1uJSwKf4sPpcbHfobcRT9JutGcLaef/miyBB87jxd3aqH+mS0+G5lsgHuXLUwjjpQ==}
    engines: {node: ^20.19.0 || >=22.12.0}
    cpu: [ia32]
    os: [win32]

  '@oxfmt/binding-win32-x64-msvc@0.46.0':
    resolution: {integrity: sha512-IXxiQpkYnOwNfP23vzwSfhdpxJzyiPTY7eTn6dn3DsriKddESzM8i6kfq9R7CD/PUJwCvQT22NgtygBeug3KoA==}
    engines: {node: ^20.19.0 || >=22.12.0}
    cpu: [x64]
    os: [win32]

  '@oxlint/binding-android-arm-eabi@1.61.0':
    resolution: {integrity: sha512-6eZBPgiigK5txqoVgRqxbaxiom4lM8AP8CyKPPvpzKnQ3iFRFOIDc+0AapF+qsUSwjOzr5SGk4SxQDpQhkSJMQ==}
    engines: {node: ^20.19.0 || >=22.12.0}
    cpu: [arm]
    os: [android]

  '@oxlint/binding-android-arm64@1.61.0':
    resolution: {integrity: sha512-CkwLR69MUnyv5wjzebvbbtTSUwqLxM35CXE79bHqDIK+NtKmPEUpStTcLQRZMCo4MP0qRT6TXIQVpK0ZVScnMA==}
    engines: {node: ^20.19.0 || >=22.12.0}
    cpu: [arm64]
    os: [android]

  '@oxlint/binding-darwin-arm64@1.61.0':
    resolution: {integrity: sha512-8JbefTkbmvqkqWjmQrHke+MdpgT2UghhD/ktM4FOQSpGeCgbMToJEKdl9zwhr/YWTl92i4QI1KiTwVExpcUN8A==}
    engines: {node: ^20.19.0 || >=22.12.0}
    cpu: [arm64]
    os: [darwin]

  '@oxlint/binding-darwin-x64@1.61.0':
    resolution: {integrity: sha512-uWpoxDT47hTnDLcdEh5jVbso8rlTTu5o0zuqa9J8E0JAKmIWn7kGFEIB03Pycn2hd2vKxybPGLhjURy/9We5FQ==}
    engines: {node: ^20.19.0 || >=22.12.0}
    cpu: [x64]
    os: [darwin]

  '@oxlint/binding-freebsd-x64@1.61.0':
    resolution: {integrity: sha512-K/o4hEyW7flfMel0iBVznmMBt7VIMHGdjADocHKpK1DUF9erpWnJ+BSSWd2W0c8K3mPtpph+CuHzRU6CI3l9jQ==}
    engines: {node: ^20.19.0 || >=22.12.0}
    cpu: [x64]
    os: [freebsd]

  '@oxlint/binding-linux-arm-gnueabihf@1.61.0':
    resolution: {integrity: sha512-P6040ZkcyweJ0Po9yEFqJCdvZnf3VNCGs1SIHgXDf8AAQNC6ID/heXQs9iSgo2FH7gKaKq32VWc59XZwL34C5Q==}
    engines: {node: ^20.19.0 || >=22.12.0}
    cpu: [arm]
    os: [linux]

  '@oxlint/binding-linux-arm-musleabihf@1.61.0':
    resolution: {integrity: sha512-bwxrGCzTZkuB+THv2TQ1aTkVEfv5oz8sl+0XZZCpoYzErJD8OhPQOTA0ENPd1zJz8QsVdSzSrS2umKtPq4/JXg==}
    engines: {node: ^20.19.0 || >=22.12.0}
    cpu: [arm]
    os: [linux]

  '@oxlint/binding-linux-arm64-gnu@1.61.0':
    resolution: {integrity: sha512-vkhb9/wKguMkLlrm3FoJW/Xmdv31GgYAE+x8lxxQ+7HeOxXUySI0q36a3NTVIuQUdLzxCI1zzMGsk1o37FOe3w==}
    engines: {node: ^20.19.0 || >=22.12.0}
    cpu: [arm64]
    os: [linux]

  '@oxlint/binding-linux-arm64-musl@1.61.0':
    resolution: {integrity: sha512-bl1dQh8LnVqsj6oOQAcxwbuOmNJkwc4p6o//HTBZhNTzJy21TLDwAviMqUFNUxDHkPGpmdKTSN4tWTjLryP8xg==}
    engines: {node: ^20.19.0 || >=22.12.0}
    cpu: [arm64]
    os: [linux]

  '@oxlint/binding-linux-ppc64-gnu@1.61.0':
    resolution: {integrity: sha512-QoOX6KB2IiEpyOj/HKqaxi+NQHPnOgNgnr22n9N4ANJCzXkUlj1UmeAbFb4PpqdlHIzvGDM5xZ0OKtcLq9RhiQ==}
    engines: {node: ^20.19.0 || >=22.12.0}
    cpu: [ppc64]
    os: [linux]

  '@oxlint/binding-linux-riscv64-gnu@1.61.0':
    resolution: {integrity: sha512-1TGcTerjY6p152wCof3oKElccq3xHljS/Mucp04gV/4ATpP6nO7YNnp7opEg6SHkv2a57/b4b8Ndm9znJ1/qAw==}
    engines: {node: ^20.19.0 || >=22.12.0}
    cpu: [riscv64]
    os: [linux]

  '@oxlint/binding-linux-riscv64-musl@1.61.0':
    resolution: {integrity: sha512-65wXEmZIrX2ADwC8i/qFL4EWLSbeuBpAm3suuX1vu4IQkKd+wLT/HU/BOl84kp91u2SxPkPDyQgu4yrqp8vwVA==}
    engines: {node: ^20.19.0 || >=22.12.0}
    cpu: [riscv64]
    os: [linux]

  '@oxlint/binding-linux-s390x-gnu@1.61.0':
    resolution: {integrity: sha512-TVvhgMvor7Qa6COeXxCJ7ENOM+lcAOGsQ0iUdPSCv2hxb9qSHLQ4XF1h50S6RE1gBOJ0WV3rNukg4JJJP1LWRA==}
    engines: {node: ^20.19.0 || >=22.12.0}
    cpu: [s390x]
    os: [linux]

  '@oxlint/binding-linux-x64-gnu@1.61.0':
    resolution: {integrity: sha512-SjpS5uYuFoDnDdZPwZE59ndF95AsY47R5MliuneTWR1pDm2CxGJaYXbKULI71t5TVfLQUWmrHEGRL9xvuq6dnA==}
    engines: {node: ^20.19.0 || >=22.12.0}
    cpu: [x64]
    os: [linux]

  '@oxlint/binding-linux-x64-musl@1.61.0':
    resolution: {integrity: sha512-gGfAeGD4sNJGILZbc/yKcIimO9wQnPMoYp9swAaKeEtwsSQAbU+rsdQze5SBtIP6j0QDzeYd4XSSUCRCF+LIeQ==}
    engines: {node: ^20.19.0 || >=22.12.0}
    cpu: [x64]
    os: [linux]

  '@oxlint/binding-openharmony-arm64@1.61.0':
    resolution: {integrity: sha512-OlVT0LrG/ct33EVtWRyR+B/othwmDWeRxfi13wUdPeb3lAT5TgTcFDcfLfarZtzB4W1nWF/zICMgYdkggX2WmQ==}
    engines: {node: ^20.19.0 || >=22.12.0}
    cpu: [arm64]
    os: [openharmony]

  '@oxlint/binding-win32-arm64-msvc@1.61.0':
    resolution: {integrity: sha512-vI//NZPJk6DToiovPtaiwD4iQ7kO1r5ReWQD0sOOyKRtP3E2f6jxin4uvwi3OvDzHA2EFfd7DcZl5dtkQh7g1w==}
    engines: {node: ^20.19.0 || >=22.12.0}
    cpu: [arm64]
    os: [win32]

  '@oxlint/binding-win32-ia32-msvc@1.61.0':
    resolution: {integrity: sha512-0ySj4/4zd2XjePs3XAQq7IigIstN4LPQZgCyigX5/ERMLjdWAJfnxcTsrtxZxuij8guJW8foXuHmhGxW0H4dDA==}
    engines: {node: ^20.19.0 || >=22.12.0}
    cpu: [ia32]
    os: [win32]

  '@oxlint/binding-win32-x64-msvc@1.61.0':
    resolution: {integrity: sha512-0xgSiyeqDLDZxXoe9CVJrOx3TUVsfyoOY7cNi03JbItNcC9WCZqrSNdrAbHONxhSPaVh/lzfnDcON1RqSUMhHw==}
    engines: {node: ^20.19.0 || >=22.12.0}
    cpu: [x64]
    os: [win32]

  '@quansync/fs@1.0.0':
    resolution: {integrity: sha512-4TJ3DFtlf1L5LDMaM6CanJ/0lckGNtJcMjQ1NAV6zDmA0tEHKZtxNKin8EgPaVX1YzljbxckyT2tJrpQKAtngQ==}

  '@rolldown/binding-android-arm64@1.0.0-rc.16':
    resolution: {integrity: sha512-rhY3k7Bsae9qQfOtph2Pm2jZEA+s8Gmjoz4hhmx70K9iMQ/ddeae+xhRQcM5IuVx5ry1+bGfkvMn7D6MJggVSA==}
    engines: {node: ^20.19.0 || >=22.12.0}
    cpu: [arm64]
    os: [android]

  '@rolldown/binding-darwin-arm64@1.0.0-rc.16':
    resolution: {integrity: sha512-rNz0yK078yrNn3DrdgN+PKiMOW8HfQ92jQiXxwX8yW899ayV00MLVdaCNeVBhG/TbH3ouYVObo8/yrkiectkcQ==}
    engines: {node: ^20.19.0 || >=22.12.0}
    cpu: [arm64]
    os: [darwin]

  '@rolldown/binding-darwin-x64@1.0.0-rc.16':
    resolution: {integrity: sha512-r/OmdR00HmD4i79Z//xO06uEPOq5hRXdhw7nzkxQxwSavs3PSHa1ijntdpOiZ2mzOQ3fVVu8C1M19FoNM+dMUQ==}
    engines: {node: ^20.19.0 || >=22.12.0}
    cpu: [x64]
    os: [darwin]

  '@rolldown/binding-freebsd-x64@1.0.0-rc.16':
    resolution: {integrity: sha512-KcRE5w8h0OnjUatG8pldyD14/CQ5Phs1oxfR+3pKDjboHRo9+MkqQaiIZlZRpsxC15paeXme/I127tUa9TXJ6g==}
    engines: {node: ^20.19.0 || >=22.12.0}
    cpu: [x64]
    os: [freebsd]

  '@rolldown/binding-linux-arm-gnueabihf@1.0.0-rc.16':
    resolution: {integrity: sha512-bT0guA1bpxEJ/ZhTRniQf7rNF8ybvXOuWbNIeLABaV5NGjx4EtOWBTSRGWFU9ZWVkPOZ+HNFP8RMcBokBiZ0Kg==}
    engines: {node: ^20.19.0 || >=22.12.0}
    cpu: [arm]
    os: [linux]

  '@rolldown/binding-linux-arm64-gnu@1.0.0-rc.16':
    resolution: {integrity: sha512-+tHktCHWV8BDQSjemUqm/Jl/TPk3QObCTIjmdDy/nlupcujZghmKK2962LYrqFpWu+ai01AN/REOH3NEpqvYQg==}
    engines: {node: ^20.19.0 || >=22.12.0}
    cpu: [arm64]
    os: [linux]

  '@rolldown/binding-linux-arm64-musl@1.0.0-rc.16':
    resolution: {integrity: sha512-3fPzdREH806oRLxpTWW1Gt4tQHs0TitZFOECB2xzCFLPKnSOy90gwA7P29cksYilFO6XVRY1kzga0cL2nRjKPg==}
    engines: {node: ^20.19.0 || >=22.12.0}
    cpu: [arm64]
    os: [linux]

  '@rolldown/binding-linux-ppc64-gnu@1.0.0-rc.16':
    resolution: {integrity: sha512-EKwI1tSrLs7YVw+JPJT/G2dJQ1jl9qlTTTEG0V2Ok/RdOenRfBw2PQdLPyjhIu58ocdBfP7vIRN/pvMsPxs/AQ==}
    engines: {node: ^20.19.0 || >=22.12.0}
    cpu: [ppc64]
    os: [linux]

  '@rolldown/binding-linux-s390x-gnu@1.0.0-rc.16':
    resolution: {integrity: sha512-Uknladnb3Sxqu6SEcqBldQyJUpk8NleooZEc0MbRBJ4inEhRYWZX0NJu12vNf2mqAq7gsofAxHrGghiUYjhaLQ==}
    engines: {node: ^20.19.0 || >=22.12.0}
    cpu: [s390x]
    os: [linux]

  '@rolldown/binding-linux-x64-gnu@1.0.0-rc.16':
    resolution: {integrity: sha512-FIb8+uG49sZBtLTn+zt1AJ20TqVcqWeSIyoVt0or7uAWesgKaHbiBh6OpA/k9v0LTt+PTrb1Lao133kP4uVxkg==}
    engines: {node: ^20.19.0 || >=22.12.0}
    cpu: [x64]
    os: [linux]

  '@rolldown/binding-linux-x64-musl@1.0.0-rc.16':
    resolution: {integrity: sha512-RuERhF9/EgWxZEXYWCOaViUWHIboceK4/ivdtQ3R0T44NjLkIIlGIAVAuCddFxsZ7vnRHtNQUrt2vR2n2slB2w==}
    engines: {node: ^20.19.0 || >=22.12.0}
    cpu: [x64]
    os: [linux]

  '@rolldown/binding-openharmony-arm64@1.0.0-rc.16':
    resolution: {integrity: sha512-mXcXnvd9GpazCxeUCCnZ2+YF7nut+ZOEbE4GtaiPtyY6AkhZWbK70y1KK3j+RDhjVq5+U8FySkKRb/+w0EeUwA==}
    engines: {node: ^20.19.0 || >=22.12.0}
    cpu: [arm64]
    os: [openharmony]

  '@rolldown/binding-wasm32-wasi@1.0.0-rc.16':
    resolution: {integrity: sha512-3Q2KQxnC8IJOLqXmUMoYwyIPZU9hzRbnHaoV3Euz+VVnjZKcY8ktnNP8T9R4/GGQtb27C/UYKABxesKWb8lsvQ==}
    engines: {node: ^20.19.0 || >=22.12.0}
    cpu: [wasm32]

  '@rolldown/binding-win32-arm64-msvc@1.0.0-rc.16':
    resolution: {integrity: sha512-tj7XRemQcOcFwv7qhpUxMTBbI5mWMlE4c1Omhg5+h8GuLXzyj8HviYgR+bB2DMDgRqUE+jiDleqSCRjx4aYk/Q==}
    engines: {node: ^20.19.0 || >=22.12.0}
    cpu: [arm64]
    os: [win32]

  '@rolldown/binding-win32-x64-msvc@1.0.0-rc.16':
    resolution: {integrity: sha512-PH5DRZT+F4f2PTXRXR8uJxnBq2po/xFtddyabTJVJs/ZYVHqXPEgNIr35IHTEa6bpa0Q8Awg+ymkTaGnKITw4g==}
    engines: {node: ^20.19.0 || >=22.12.0}
    cpu: [x64]
    os: [win32]

  '@rolldown/pluginutils@1.0.0-rc.16':
    resolution: {integrity: sha512-45+YtqxLYKDWQouLKCrpIZhke+nXxhsw+qAHVzHDVwttyBlHNBVs2K25rDXrZzhpTp9w1FlAlvweV1H++fdZoA==}

  '@tybys/wasm-util@0.10.1':
    resolution: {integrity: sha512-9tTaPJLSiejZKx+Bmog4uSubteqTvFrVrURwkmHixBo0G4seD0zUxp98E1DzUBJxLQ3NPwXrGKDiVjwx/DpPsg==}

  '@types/estree@1.0.8':
    resolution: {integrity: sha512-dWHzHa2WqEXI/O1E9OjrocMTKJl2mSrEolh1Iomrv6U+JuNwaHXsXx9bLu5gG7BUWFIN0skIQJQ/L1rIex4X6w==}

  '@types/jsesc@2.5.1':
    resolution: {integrity: sha512-9VN+6yxLOPLOav+7PwjZbxiID2bVaeq0ED4qSQmdQTdjnXJSaCVKTR58t15oqH1H5t8Ng2ZX1SabJVoN9Q34bw==}

  '@types/node@25.6.0':
    resolution: {integrity: sha512-+qIYRKdNYJwY3vRCZMdJbPLJAtGjQBudzZzdzwQYkEPQd+PJGixUL5QfvCLDaULoLv+RhT3LDkwEfKaAkgSmNQ==}

  ansis@4.2.0:
    resolution: {integrity: sha512-HqZ5rWlFjGiV0tDm3UxxgNRqsOTniqoKZu0pIAfh7TZQMGuZK+hH0drySty0si0QXj1ieop4+SkSfPZBPPkHig==}
    engines: {node: '>=14'}

  ast-kit@3.0.0-beta.1:
    resolution: {integrity: sha512-trmleAnZ2PxN/loHWVhhx1qeOHSRXq4TDsBBxq3GqeJitfk3+jTQ+v/C1km/KYq9M7wKqCewMh+/NAvVH7m+bw==}
    engines: {node: '>=20.19.0'}

  birpc@4.0.0:
    resolution: {integrity: sha512-LShSxJP0KTmd101b6DRyGBj57LZxSDYWKitQNW/mi8GRMvZb078Uf9+pveax1DrVL89vm7mWe+TovdI/UDOuPw==}

  cac@7.0.0:
    resolution: {integrity: sha512-tixWYgm5ZoOD+3g6UTea91eow5z6AAHaho3g0V9CNSNb45gM8SmflpAc+GRd1InC4AqN/07Unrgp56Y94N9hJQ==}
    engines: {node: '>=20.19.0'}

  chalk@5.6.2:
    resolution: {integrity: sha512-7NzBL0rN6fMUW+f7A6Io4h40qQlG+xGmtMxfbnH/K7TAtt8JQWVQK+6g0UXKMeVJoyV5EkkNsErQ8pVD3bLHbA==}
    engines: {node: ^12.17.0 || ^14.13 || >=16.0.0}

  defu@6.1.7:
    resolution: {integrity: sha512-7z22QmUWiQ/2d0KkdYmANbRUVABpZ9SNYyH5vx6PZ+nE5bcC0l7uFvEfHlyld/HcGBFTL536ClDt3DEcSlEJAQ==}

  dts-resolver@2.1.3:
    resolution: {integrity: sha512-bihc7jPC90VrosXNzK0LTE2cuLP6jr0Ro8jk+kMugHReJVLIpHz/xadeq3MhuwyO4TD4OA3L1Q8pBBFRc08Tsw==}
    engines: {node: '>=20.19.0'}
    peerDependencies:
      oxc-resolver: '>=11.0.0'
    peerDependenciesMeta:
      oxc-resolver:
        optional: true

  empathic@2.0.0:
    resolution: {integrity: sha512-i6UzDscO/XfAcNYD75CfICkmfLedpyPDdozrLMmQc5ORaQcdMoc21OnlEylMIqI7U8eniKrPMxxtj8k0vhmJhA==}
    engines: {node: '>=14'}

  estree-walker@3.0.3:
    resolution: {integrity: sha512-7RUKfXgSMMkzt6ZuXmqapOurLGPPfgj6l9uRZ7lRGolvk0y2yocc35LdcxKC5PQZdn2DMqioAQ2NoWcrTKmm6g==}

  fast-string-truncated-width@1.2.1:
    resolution: {integrity: sha512-Q9acT/+Uu3GwGj+5w/zsGuQjh9O1TyywhIwAxHudtWrgF09nHOPrvTLhQevPbttcxjr/SNN7mJmfOw/B1bXgow==}

  fast-string-width@1.1.0:
    resolution: {integrity: sha512-O3fwIVIH5gKB38QNbdg+3760ZmGz0SZMgvwJbA1b2TGXceKE6A2cOlfogh1iw8lr049zPyd7YADHy+B7U4W9bQ==}

  fast-wrap-ansi@0.1.6:
    resolution: {integrity: sha512-HlUwET7a5gqjURj70D5jl7aC3Zmy4weA1SHUfM0JFI0Ptq987NH2TwbBFLoERhfwk+E+eaq4EK3jXoT+R3yp3w==}

  fdir@6.5.0:
    resolution: {integrity: sha512-tIbYtZbucOs0BRGqPJkshJUYdL+SDH7dVM8gjy+ERp3WAUjLEFJE+02kanyHtwjWOnwrKYBiwAmM0p4kLJAnXg==}
    engines: {node: '>=12.0.0'}
    peerDependencies:
      picomatch: ^3 || ^4
    peerDependenciesMeta:
      picomatch:
        optional: true

  get-tsconfig@4.14.0:
    resolution: {integrity: sha512-yTb+8DXzDREzgvYmh6s9vHsSVCHeC0G3PI5bEXNBHtmshPnO+S5O7qgLEOn0I5QvMy6kpZN8K1NKGyilLb93wA==}

  hookable@6.1.1:
    resolution: {integrity: sha512-U9LYDy1CwhMCnprUfeAZWZGByVbhd54hwepegYTK7Pi5NvqEj63ifz5z+xukznehT7i6NIZRu89Ay1AZmRsLEQ==}

  import-without-cache@0.3.3:
    resolution: {integrity: sha512-bDxwDdF04gm550DfZHgffvlX+9kUlcz32UD0AeBTmVPFiWkrexF2XVmiuFFbDhiFuP8fQkrkvI2KdSNPYWAXkQ==}
    engines: {node: '>=20.19.0'}

  jsesc@3.1.0:
    resolution: {integrity: sha512-/sM3dO2FOzXjKQhJuo0Q173wf2KOo8t4I8vHy6lF9poUp7bKT0/NHE8fPX23PwfhnykfqnC2xRxOnVw5XuGIaA==}
    engines: {node: '>=6'}
    hasBin: true

  obug@2.1.1:
    resolution: {integrity: sha512-uTqF9MuPraAQ+IsnPf366RG4cP9RtUi7MLO1N3KEc+wb0a6yKpeL0lmk2IB1jY5KHPAlTc6T/JRdC/YqxHNwkQ==}

  oxfmt@0.46.0:
    resolution: {integrity: sha512-CopwJOwPAjZ9p76fCvz+mSOJTw9/NY3cSksZK3VO/bUQ8UoEcketNgUuYS0UB3p+R9XnXe7wGGXUmyFxc7QxJA==}
    engines: {node: ^20.19.0 || >=22.12.0}
    hasBin: true

  oxlint@1.61.0:
    resolution: {integrity: sha512-ZC0ALuhDZ6ivOFG+sy0D0pEDN49EvsId98zVlmYdkcXHsEM14m/qTNUEsUpiFiCVbpIxYtVBmmLE87nsbUHohQ==}
    engines: {node: ^20.19.0 || >=22.12.0}
    hasBin: true
    peerDependencies:
      oxlint-tsgolint: '>=0.18.0'
    peerDependenciesMeta:
      oxlint-tsgolint:
        optional: true

  package-manager-detector@1.6.0:
    resolution: {integrity: sha512-61A5ThoTiDG/C8s8UMZwSorAGwMJ0ERVGj2OjoW5pAalsNOg15+iQiPzrLJ4jhZ1HJzmC2PIHT2oEiH3R5fzNA==}

  pathe@2.0.3:
    resolution: {integrity: sha512-WUjGcAqP1gQacoQe+OBJsFA7Ld4DyXuUIjZ5cc75cLHvJ7dtNsTugphxIADwspS+AraAUePCKrSVtPLFj/F88w==}

  picomatch@4.0.4:
    resolution: {integrity: sha512-QP88BAKvMam/3NxH6vj2o21R6MjxZUAd6nlwAS/pnGvN9IVLocLHxGYIzFhg6fUQ+5th6P4dv4eW9jX3DSIj7A==}
    engines: {node: '>=12'}

  quansync@1.0.0:
    resolution: {integrity: sha512-5xZacEEufv3HSTPQuchrvV6soaiACMFnq1H8wkVioctoH3TRha9Sz66lOxRwPK/qZj7HPiSveih9yAyh98gvqA==}

  resolve-pkg-maps@1.0.0:
    resolution: {integrity: sha512-seS2Tj26TBVOC2NIc2rOe2y2ZO7efxITtLZcGSOnHHNOQ7CkiUBfw0Iw2ck6xkIhPwLhKNLS8BO+hEpngQlqzw==}

  rolldown-plugin-dts@0.23.2:
    resolution: {integrity: sha512-PbSqLawLgZBGcOGT3yqWBGn4cX+wh2nt5FuBGdcMHyOhoukmjbhYAl8NT9sE4U38Cm9tqLOIQeOrvzeayM0DLQ==}
    engines: {node: '>=20.19.0'}
    peerDependencies:
      '@ts-macro/tsc': ^0.3.6
      '@typescript/native-preview': '>=7.0.0-dev.20260325.1'
      rolldown: ^1.0.0-rc.12
      typescript: ^5.0.0 || ^6.0.0
      vue-tsc: ~3.2.0
    peerDependenciesMeta:
      '@ts-macro/tsc':
        optional: true
      '@typescript/native-preview':
        optional: true
      typescript:
        optional: true
      vue-tsc:
        optional: true

  rolldown@1.0.0-rc.16:
    resolution: {integrity: sha512-rzi5WqKzEZw3SooTt7cgm4eqIoujPIyGcJNGFL7iPEuajQw7vxMHUkXylu4/vhCkJGXsgRmxqMKXUpT6FEgl0g==}
    engines: {node: ^20.19.0 || >=22.12.0}
    hasBin: true

  semver@7.7.4:
    resolution: {integrity: sha512-vFKC2IEtQnVhpT78h1Yp8wzwrf8CM+MzKMHGJZfBtzhZNycRFnXsHk6E5TxIkkMsgNS7mdX3AGB7x2QM2di4lA==}
    engines: {node: '>=10'}
    hasBin: true

  sisteransi@1.0.5:
    resolution: {integrity: sha512-bLGGlR1QxBcynn2d5YmDX4MGjlZvy2MRBDRNHLJ8VI6l6+9FUiyTFNJ0IveOSP0bcXgVDPRcfGqA0pjaqUpfVg==}

  tinyexec@1.1.1:
    resolution: {integrity: sha512-VKS/ZaQhhkKFMANmAOhhXVoIfBXblQxGX1myCQ2faQrfmobMftXeJPcZGp0gS07ocvGJWDLZGyOZDadDBqYIJg==}
    engines: {node: '>=18'}

  tinyglobby@0.2.16:
    resolution: {integrity: sha512-pn99VhoACYR8nFHhxqix+uvsbXineAasWm5ojXoN8xEwK5Kd3/TrhNn1wByuD52UxWRLy8pu+kRMniEi6Eq9Zg==}
    engines: {node: '>=12.0.0'}

  tinypool@2.1.0:
    resolution: {integrity: sha512-Pugqs6M0m7Lv1I7FtxN4aoyToKg1C4tu+/381vH35y8oENM/Ai7f7C4StcoK4/+BSw9ebcS8jRiVrORFKCALLw==}
    engines: {node: ^20.0.0 || >=22.0.0}

  tree-kill@1.2.2:
    resolution: {integrity: sha512-L0Orpi8qGpRG//Nd+H90vFB+3iHnue1zSSGmNOOCh1GLJ7rUKVwV2HvijphGQS2UmhUZewS9VgvxYIdgr+fG1A==}
    hasBin: true

  tsdown@0.21.9:
    resolution: {integrity: sha512-tZPv2zMaMnjj9H9h0SDqpSXa9YWVZWHlG46DnSgNTFX6aq001MSI8kuBzJumr/u099nWj+1v5S7rhbnHk5jCHA==}
    engines: {node: '>=20.19.0'}
    hasBin: true
    peerDependencies:
      '@arethetypeswrong/core': ^0.18.1
      '@tsdown/css': 0.21.9
      '@tsdown/exe': 0.21.9
      '@vitejs/devtools': '*'
      publint: ^0.3.0
      typescript: ^5.0.0 || ^6.0.0
      unplugin-unused: ^0.5.0
    peerDependenciesMeta:
      '@arethetypeswrong/core':
        optional: true
      '@tsdown/css':
        optional: true
      '@tsdown/exe':
        optional: true
      '@vitejs/devtools':
        optional: true
      publint:
        optional: true
      typescript:
        optional: true
      unplugin-unused:
        optional: true

  tslib@2.8.1:
    resolution: {integrity: sha512-oJFu94HQb+KVduSUQL7wnpmqnfmLsOA/nAh6b6EH0wCEoK0/mPeXU6c3wKDV83MkOuHPRHtSXKKU99IBazS/2w==}

  typescript@6.0.3:
    resolution: {integrity: sha512-y2TvuxSZPDyQakkFRPZHKFm+KKVqIisdg9/CZwm9ftvKXLP8NRWj38/ODjNbr43SsoXqNuAisEf1GdCxqWcdBw==}
    engines: {node: '>=14.17'}
    hasBin: true

  unconfig-core@7.5.0:
    resolution: {integrity: sha512-Su3FauozOGP44ZmKdHy2oE6LPjk51M/TRRjHv2HNCWiDvfvCoxC2lno6jevMA91MYAdCdwP05QnWdWpSbncX/w==}

  undici-types@7.19.2:
    resolution: {integrity: sha512-qYVnV5OEm2AW8cJMCpdV20CDyaN3g0AjDlOGf1OW4iaDEx8MwdtChUp4zu4H0VP3nDRF/8RKWH+IPp9uW0YGZg==}

  unrun@0.2.36:
    resolution: {integrity: sha512-ICAGv44LHSKjCdI4B4rk99lJLHXBweutO4MUwu3cavMlYtXID0Tn5e1Kwe/Uj6BSAuHHXfi1JheFVCYhcXHfAg==}
    engines: {node: '>=20.19.0'}
    hasBin: true
    peerDependencies:
      synckit: ^0.11.11
    peerDependenciesMeta:
      synckit:
        optional: true

snapshots:

  '@babel/generator@8.0.0-rc.3':
    dependencies:
      '@babel/parser': 8.0.0-rc.3
      '@babel/types': 8.0.0-rc.3
      '@jridgewell/gen-mapping': 0.3.13
      '@jridgewell/trace-mapping': 0.3.31
      '@types/jsesc': 2.5.1
      jsesc: 3.1.0

  '@babel/helper-string-parser@8.0.0-rc.3': {}

  '@babel/helper-validator-identifier@8.0.0-rc.3': {}

  '@babel/parser@8.0.0-rc.3':
    dependencies:
      '@babel/types': 8.0.0-rc.3

  '@babel/types@8.0.0-rc.3':
    dependencies:
      '@babel/helper-string-parser': 8.0.0-rc.3
      '@babel/helper-validator-identifier': 8.0.0-rc.3

  '@clack/core@1.2.0':
    dependencies:
      fast-wrap-ansi: 0.1.6
      sisteransi: 1.0.5

  '@clack/prompts@1.2.0':
    dependencies:
      '@clack/core': 1.2.0
      fast-string-width: 1.1.0
      fast-wrap-ansi: 0.1.6
      sisteransi: 1.0.5

  '@emnapi/core@1.9.2':
    dependencies:
      '@emnapi/wasi-threads': 1.2.1
      tslib: 2.8.1
    optional: true

  '@emnapi/runtime@1.9.2':
    dependencies:
      tslib: 2.8.1
    optional: true

  '@emnapi/wasi-threads@1.2.1':
    dependencies:
      tslib: 2.8.1
    optional: true

  '@jridgewell/gen-mapping@0.3.13':
    dependencies:
      '@jridgewell/sourcemap-codec': 1.5.5
      '@jridgewell/trace-mapping': 0.3.31

  '@jridgewell/resolve-uri@3.1.2': {}

  '@jridgewell/sourcemap-codec@1.5.5': {}

  '@jridgewell/trace-mapping@0.3.31':
    dependencies:
      '@jridgewell/resolve-uri': 3.1.2
      '@jridgewell/sourcemap-codec': 1.5.5

  '@napi-rs/wasm-runtime@1.1.4(@emnapi/core@1.9.2)(@emnapi/runtime@1.9.2)':
    dependencies:
      '@emnapi/core': 1.9.2
      '@emnapi/runtime': 1.9.2
      '@tybys/wasm-util': 0.10.1
    optional: true

  '@oxc-project/types@0.126.0': {}

  '@oxfmt/binding-android-arm-eabi@0.46.0':
    optional: true

  '@oxfmt/binding-android-arm64@0.46.0':
    optional: true

  '@oxfmt/binding-darwin-arm64@0.46.0':
    optional: true

  '@oxfmt/binding-darwin-x64@0.46.0':
    optional: true

  '@oxfmt/binding-freebsd-x64@0.46.0':
    optional: true

  '@oxfmt/binding-linux-arm-gnueabihf@0.46.0':
    optional: true

  '@oxfmt/binding-linux-arm-musleabihf@0.46.0':
    optional: true

  '@oxfmt/binding-linux-arm64-gnu@0.46.0':
    optional: true

  '@oxfmt/binding-linux-arm64-musl@0.46.0':
    optional: true

  '@oxfmt/binding-linux-ppc64-gnu@0.46.0':
    optional: true

  '@oxfmt/binding-linux-riscv64-gnu@0.46.0':
    optional: true

  '@oxfmt/binding-linux-riscv64-musl@0.46.0':
    optional: true

  '@oxfmt/binding-linux-s390x-gnu@0.46.0':
    optional: true

  '@oxfmt/binding-linux-x64-gnu@0.46.0':
    optional: true

  '@oxfmt/binding-linux-x64-musl@0.46.0':
    optional: true

  '@oxfmt/binding-openharmony-arm64@0.46.0':
    optional: true

  '@oxfmt/binding-win32-arm64-msvc@0.46.0':
    optional: true

  '@oxfmt/binding-win32-ia32-msvc@0.46.0':
    optional: true

  '@oxfmt/binding-win32-x64-msvc@0.46.0':
    optional: true

  '@oxlint/binding-android-arm-eabi@1.61.0':
    optional: true

  '@oxlint/binding-android-arm64@1.61.0':
    optional: true

  '@oxlint/binding-darwin-arm64@1.61.0':
    optional: true

  '@oxlint/binding-darwin-x64@1.61.0':
    optional: true

  '@oxlint/binding-freebsd-x64@1.61.0':
    optional: true

  '@oxlint/binding-linux-arm-gnueabihf@1.61.0':
    optional: true

  '@oxlint/binding-linux-arm-musleabihf@1.61.0':
    optional: true

  '@oxlint/binding-linux-arm64-gnu@1.61.0':
    optional: true

  '@oxlint/binding-linux-arm64-musl@1.61.0':
    optional: true

  '@oxlint/binding-linux-ppc64-gnu@1.61.0':
    optional: true

  '@oxlint/binding-linux-riscv64-gnu@1.61.0':
    optional: true

  '@oxlint/binding-linux-riscv64-musl@1.61.0':
    optional: true

  '@oxlint/binding-linux-s390x-gnu@1.61.0':
    optional: true

  '@oxlint/binding-linux-x64-gnu@1.61.0':
    optional: true

  '@oxlint/binding-linux-x64-musl@1.61.0':
    optional: true

  '@oxlint/binding-openharmony-arm64@1.61.0':
    optional: true

  '@oxlint/binding-win32-arm64-msvc@1.61.0':
    optional: true

  '@oxlint/binding-win32-ia32-msvc@1.61.0':
    optional: true

  '@oxlint/binding-win32-x64-msvc@1.61.0':
    optional: true

  '@quansync/fs@1.0.0':
    dependencies:
      quansync: 1.0.0

  '@rolldown/binding-android-arm64@1.0.0-rc.16':
    optional: true

  '@rolldown/binding-darwin-arm64@1.0.0-rc.16':
    optional: true

  '@rolldown/binding-darwin-x64@1.0.0-rc.16':
    optional: true

  '@rolldown/binding-freebsd-x64@1.0.0-rc.16':
    optional: true

  '@rolldown/binding-linux-arm-gnueabihf@1.0.0-rc.16':
    optional: true

  '@rolldown/binding-linux-arm64-gnu@1.0.0-rc.16':
    optional: true

  '@rolldown/binding-linux-arm64-musl@1.0.0-rc.16':
    optional: true

  '@rolldown/binding-linux-ppc64-gnu@1.0.0-rc.16':
    optional: true

  '@rolldown/binding-linux-s390x-gnu@1.0.0-rc.16':
    optional: true

  '@rolldown/binding-linux-x64-gnu@1.0.0-rc.16':
    optional: true

  '@rolldown/binding-linux-x64-musl@1.0.0-rc.16':
    optional: true

  '@rolldown/binding-openharmony-arm64@1.0.0-rc.16':
    optional: true

  '@rolldown/binding-wasm32-wasi@1.0.0-rc.16':
    dependencies:
      '@emnapi/core': 1.9.2
      '@emnapi/runtime': 1.9.2
      '@napi-rs/wasm-runtime': 1.1.4(@emnapi/core@1.9.2)(@emnapi/runtime@1.9.2)
    optional: true

  '@rolldown/binding-win32-arm64-msvc@1.0.0-rc.16':
    optional: true

  '@rolldown/binding-win32-x64-msvc@1.0.0-rc.16':
    optional: true

  '@rolldown/pluginutils@1.0.0-rc.16': {}

  '@tybys/wasm-util@0.10.1':
    dependencies:
      tslib: 2.8.1
    optional: true

  '@types/estree@1.0.8': {}

  '@types/jsesc@2.5.1': {}

  '@types/node@25.6.0':
    dependencies:
      undici-types: 7.19.2

  ansis@4.2.0: {}

  ast-kit@3.0.0-beta.1:
    dependencies:
      '@babel/parser': 8.0.0-rc.3
      estree-walker: 3.0.3
      pathe: 2.0.3

  birpc@4.0.0: {}

  cac@7.0.0: {}

  chalk@5.6.2: {}

  defu@6.1.7: {}

  dts-resolver@2.1.3: {}

  empathic@2.0.0: {}

  estree-walker@3.0.3:
    dependencies:
      '@types/estree': 1.0.8

  fast-string-truncated-width@1.2.1: {}

  fast-string-width@1.1.0:
    dependencies:
      fast-string-truncated-width: 1.2.1

  fast-wrap-ansi@0.1.6:
    dependencies:
      fast-string-width: 1.1.0

  fdir@6.5.0(picomatch@4.0.4):
    optionalDependencies:
      picomatch: 4.0.4

  get-tsconfig@4.14.0:
    dependencies:
      resolve-pkg-maps: 1.0.0

  hookable@6.1.1: {}

  import-without-cache@0.3.3: {}

  jsesc@3.1.0: {}

  obug@2.1.1: {}

  oxfmt@0.46.0:
    dependencies:
      tinypool: 2.1.0
    optionalDependencies:
      '@oxfmt/binding-android-arm-eabi': 0.46.0
      '@oxfmt/binding-android-arm64': 0.46.0
      '@oxfmt/binding-darwin-arm64': 0.46.0
      '@oxfmt/binding-darwin-x64': 0.46.0
      '@oxfmt/binding-freebsd-x64': 0.46.0
      '@oxfmt/binding-linux-arm-gnueabihf': 0.46.0
      '@oxfmt/binding-linux-arm-musleabihf': 0.46.0
      '@oxfmt/binding-linux-arm64-gnu': 0.46.0
      '@oxfmt/binding-linux-arm64-musl': 0.46.0
      '@oxfmt/binding-linux-ppc64-gnu': 0.46.0
      '@oxfmt/binding-linux-riscv64-gnu': 0.46.0
      '@oxfmt/binding-linux-riscv64-musl': 0.46.0
      '@oxfmt/binding-linux-s390x-gnu': 0.46.0
      '@oxfmt/binding-linux-x64-gnu': 0.46.0
      '@oxfmt/binding-linux-x64-musl': 0.46.0
      '@oxfmt/binding-openharmony-arm64': 0.46.0
      '@oxfmt/binding-win32-arm64-msvc': 0.46.0
      '@oxfmt/binding-win32-ia32-msvc': 0.46.0
      '@oxfmt/binding-win32-x64-msvc': 0.46.0

  oxlint@1.61.0:
    optionalDependencies:
      '@oxlint/binding-android-arm-eabi': 1.61.0
      '@oxlint/binding-android-arm64': 1.61.0
      '@oxlint/binding-darwin-arm64': 1.61.0
      '@oxlint/binding-darwin-x64': 1.61.0
      '@oxlint/binding-freebsd-x64': 1.61.0
      '@oxlint/binding-linux-arm-gnueabihf': 1.61.0
      '@oxlint/binding-linux-arm-musleabihf': 1.61.0
      '@oxlint/binding-linux-arm64-gnu': 1.61.0
      '@oxlint/binding-linux-arm64-musl': 1.61.0
      '@oxlint/binding-linux-ppc64-gnu': 1.61.0
      '@oxlint/binding-linux-riscv64-gnu': 1.61.0
      '@oxlint/binding-linux-riscv64-musl': 1.61.0
      '@oxlint/binding-linux-s390x-gnu': 1.61.0
      '@oxlint/binding-linux-x64-gnu': 1.61.0
      '@oxlint/binding-linux-x64-musl': 1.61.0
      '@oxlint/binding-openharmony-arm64': 1.61.0
      '@oxlint/binding-win32-arm64-msvc': 1.61.0
      '@oxlint/binding-win32-ia32-msvc': 1.61.0
      '@oxlint/binding-win32-x64-msvc': 1.61.0

  package-manager-detector@1.6.0: {}

  pathe@2.0.3: {}

  picomatch@4.0.4: {}

  quansync@1.0.0: {}

  resolve-pkg-maps@1.0.0: {}

  rolldown-plugin-dts@0.23.2(rolldown@1.0.0-rc.16)(typescript@6.0.3):
    dependencies:
      '@babel/generator': 8.0.0-rc.3
      '@babel/helper-validator-identifier': 8.0.0-rc.3
      '@babel/parser': 8.0.0-rc.3
      '@babel/types': 8.0.0-rc.3
      ast-kit: 3.0.0-beta.1
      birpc: 4.0.0
      dts-resolver: 2.1.3
      get-tsconfig: 4.14.0
      obug: 2.1.1
      picomatch: 4.0.4
      rolldown: 1.0.0-rc.16
    optionalDependencies:
      typescript: 6.0.3
    transitivePeerDependencies:
      - oxc-resolver

  rolldown@1.0.0-rc.16:
    dependencies:
      '@oxc-project/types': 0.126.0
      '@rolldown/pluginutils': 1.0.0-rc.16
    optionalDependencies:
      '@rolldown/binding-android-arm64': 1.0.0-rc.16
      '@rolldown/binding-darwin-arm64': 1.0.0-rc.16
      '@rolldown/binding-darwin-x64': 1.0.0-rc.16
      '@rolldown/binding-freebsd-x64': 1.0.0-rc.16
      '@rolldown/binding-linux-arm-gnueabihf': 1.0.0-rc.16
      '@rolldown/binding-linux-arm64-gnu': 1.0.0-rc.16
      '@rolldown/binding-linux-arm64-musl': 1.0.0-rc.16
      '@rolldown/binding-linux-ppc64-gnu': 1.0.0-rc.16
      '@rolldown/binding-linux-s390x-gnu': 1.0.0-rc.16
      '@rolldown/binding-linux-x64-gnu': 1.0.0-rc.16
      '@rolldown/binding-linux-x64-musl': 1.0.0-rc.16
      '@rolldown/binding-openharmony-arm64': 1.0.0-rc.16
      '@rolldown/binding-wasm32-wasi': 1.0.0-rc.16
      '@rolldown/binding-win32-arm64-msvc': 1.0.0-rc.16
      '@rolldown/binding-win32-x64-msvc': 1.0.0-rc.16

  semver@7.7.4: {}

  sisteransi@1.0.5: {}

  tinyexec@1.1.1: {}

  tinyglobby@0.2.16:
    dependencies:
      fdir: 6.5.0(picomatch@4.0.4)
      picomatch: 4.0.4

  tinypool@2.1.0: {}

  tree-kill@1.2.2: {}

  tsdown@0.21.9(typescript@6.0.3):
    dependencies:
      ansis: 4.2.0
      cac: 7.0.0
      defu: 6.1.7
      empathic: 2.0.0
      hookable: 6.1.1
      import-without-cache: 0.3.3
      obug: 2.1.1
      picomatch: 4.0.4
      rolldown: 1.0.0-rc.16
      rolldown-plugin-dts: 0.23.2(rolldown@1.0.0-rc.16)(typescript@6.0.3)
      semver: 7.7.4
      tinyexec: 1.1.1
      tinyglobby: 0.2.16
      tree-kill: 1.2.2
      unconfig-core: 7.5.0
      unrun: 0.2.36
    optionalDependencies:
      typescript: 6.0.3
    transitivePeerDependencies:
      - '@ts-macro/tsc'
      - '@typescript/native-preview'
      - oxc-resolver
      - synckit
      - vue-tsc

  tslib@2.8.1:
    optional: true

  typescript@6.0.3: {}

  unconfig-core@7.5.0:
    dependencies:
      '@quansync/fs': 1.0.0
      quansync: 1.0.0

  undici-types@7.19.2: {}

  unrun@0.2.36:
    dependencies:
      rolldown: 1.0.0-rc.16
